
Microsoft Visual Studio Solution File, Format Version 12.00
# Visual Studio 2012
Project("{8BC9CEB8-8B4A-11D0-8D11-00A0C91BC942}") = "Dynamic Array With Structures", "Dynamic Array With Structures\Dynamic Array With Structures.vcxproj", "{85C9A2BF-A43C-491B-8CF2-87B6218A0434}"
EndProject
Project("{8BC9CEB8-8B4A-11D0-8D11-00A0C91BC942}") = "Dynamic Array With Classes", "Dynamic Array With Classes\Dynamic Array With Classes.vcxproj", "{E9DFC5BB-F81A-4E49-B0A2-DB972B622B59}"
EndProject
Project("{8BC9CEB8-8B4A-11D0-8D11-00A0C91BC942}") = "Dynamic Array Extended", "Dynamic Array Extended\Dynamic Array Extended.vcxproj", "{235A0A66-A194-404C-B45A-AFD14B73AA7A}"
EndProject
Global
	GlobalSection(SolutionConfigurationPlatforms) = preSolution
		Debug|Win32 = Debug|Win32
		Release|Win32 = Release|Win32
	EndGlobalSection
	GlobalSection(ProjectConfigurationPlatforms) = postSolution
		{85C9A2BF-A43C-491B-8CF2-87B6218A0434}.Debug|Win32.ActiveCfg = Debug|Win32
		{85C9A2BF-A43C-491B-8CF2-87B6218A0434}.Debug|Win32.Build.0 = Debug|Win32
		{85C9A2BF-A43C-491B-8CF2-87B6218A0434}.Release|Win32.ActiveCfg = Release|Win32
		{85C9A2BF-A43C-491B-8CF2-87B6218A0434}.Release|Win32.Build.0 = Release|Win32
		{E9DFC5BB-F81A-4E49-B0A2-DB972B622B59}.Debug|Win32.ActiveCfg = Debug|Win32
		{E9DFC5BB-F81A-4E49-B0A2-DB972B622B59}.Debug|Win32.Build.0 = Debug|Win32
		{E9DFC5BB-F81A-4E49-B0A2-DB972B622B59}.Release|Win32.ActiveCfg = Release|Win32
		{E9DFC5BB-F81A-4E49-B0A2-DB972B622B59}.Release|Win32.Build.0 = Release|Win32
		{235A0A66-A194-404C-B45A-AFD14B73AA7A}.Debug|Win32.ActiveCfg = Debug|Win32
		{235A0A66-A194-404C-B45A-AFD14B73AA7A}.Debug|Win32.Build.0 = Debug|Win32
		{235A0A66-A194-404C-B45A-AFD14B73AA7A}.Release|Win32.ActiveCfg = Release|Win32
		{235A0A66-A194-404C-B45A-AFD14B73AA7A}.Release|Win32.Build.0 = Release|Win32
	EndGlobalSection
	GlobalSection(SolutionProperties) = preSolution
		HideSolutionNode = FALSE
	EndGlobalSection
EndGlobal
